
Microsoft Visual Studio Solution File, Format Version 12.00
Project("{FAE04EC0-301F-11D3-BF4B-00C04F79EFBC}") = "Polimaster.Device.Transport.Win.Usb", "Polimaster.Device.Transport.Win.Usb\Polimaster.Device.Transport.Win.Usb.csproj", "{8C0B384A-68A0-4A5C-B79F-7F80543ECA6E}"
EndProject
Project("{FAE04EC0-301F-11D3-BF4B-00C04F79EFBC}") = "Polimaster.Device.Transport.Win.Usb.Tests", "Polimaster.Device.Transport.Win.Usb.Tests\Polimaster.Device.Transport.Win.Usb.Tests.csproj", "{C124D03C-8AFB-4AAE-8F49-2358177E9457}"
EndProject
Global
	GlobalSection(SolutionConfigurationPlatforms) = preSolution
		Debug|Any CPU = Debug|Any CPU
		Release|Any CPU = Release|Any CPU
	EndGlobalSection
	GlobalSection(ProjectConfigurationPlatforms) = postSolution
		{8C0B384A-68A0-4A5C-B79F-7F80543ECA6E}.Debug|Any CPU.ActiveCfg = Debug|Any CPU
		{8C0B384A-68A0-4A5C-B79F-7F80543ECA6E}.Debug|Any CPU.Build.0 = Debug|Any CPU
		{8C0B384A-68A0-4A5C-B79F-7F80543ECA6E}.Release|Any CPU.ActiveCfg = Release|Any CPU
		{8C0B384A-68A0-4A5C-B79F-7F80543ECA6E}.Release|Any CPU.Build.0 = Release|Any CPU
		{C124D03C-8AFB-4AAE-8F49-2358177E9457}.Debug|Any CPU.ActiveCfg = Debug|Any CPU
		{C124D03C-8AFB-4AAE-8F49-2358177E9457}.Debug|Any CPU.Build.0 = Debug|Any CPU
		{C124D03C-8AFB-4AAE-8F49-2358177E9457}.Release|Any CPU.ActiveCfg = Release|Any CPU
		{C124D03C-8AFB-4AAE-8F49-2358177E9457}.Release|Any CPU.Build.0 = Release|Any CPU
	EndGlobalSection
EndGlobal
